{
    "_readme": [
        "This file locks the dependencies of your project to a known state",
        "Read more about it at https://getcomposer.org/doc/01-basic-usage.md#installing-dependencies",
        "This file is @generated automatically"
    ],
    "content-hash": "431b9beddcb90b48485721caa2661eed",
    "packages": [
        {
            "name": "robinthehood/debug",
            "version": "0.1.4",
            "source": {
                "type": "git",
                "url": "https://github.com/RobinTheHood/Debug.git",
                "reference": "fe7d9187425c83665c4ea815e1393482cda7e965"
            },
            "dist": {
                "type": "zip",
                "url": "https://api.github.com/repos/RobinTheHood/Debug/zipball/fe7d9187425c83665c4ea815e1393482cda7e965",
                "reference": "fe7d9187425c83665c4ea815e1393482cda7e965",
                "shasum": ""
            },
            "require": {
                "php": "^5.6 || ^7.0 || ^8.0",
                "robinthehood/terminal": "^0.1.1"
            },
            "type": "library",
            "autoload": {
                "psr-4": {
                    "RobinTheHood\\Debug\\": "src"
                }
            },
            "notification-url": "https://packagist.org/downloads/",
            "license": [
                "MIT"
            ],
            "authors": [
                {
                    "name": "Robin Wieschendorf",
                    "email": "mail@robinwieschendorf.de",
                    "homepage": "http://robinwieschendorf.de",
                    "role": "Project Founder"
                }
            ],
            "description": "Outputs strings to the console or as html at the browser.",
            "keywords": [
                "console",
                "terminal"
            ],
            "support": {
                "issues": "https://github.com/RobinTheHood/Debug/issues",
                "source": "https://github.com/RobinTheHood/Debug/tree/0.1.4"
            },
            "time": "2022-04-19T13:00:07+00:00"
        },
        {
            "name": "robinthehood/exception-monitor",
            "version": "0.1.10",
            "source": {
                "type": "git",
                "url": "https://github.com/RobinTheHood/ExceptionMonitor.git",
                "reference": "a2b4f240bbf66f5203751d2cde9a3fa407539906"
            },
            "dist": {
                "type": "zip",
                "url": "https://api.github.com/repos/RobinTheHood/ExceptionMonitor/zipball/a2b4f240bbf66f5203751d2cde9a3fa407539906",
                "reference": "a2b4f240bbf66f5203751d2cde9a3fa407539906",
                "shasum": ""
            },
            "require": {
                "php": "^5.6 || ^7.0 || ^8.0",
                "robinthehood/syntax-highlighter": "^0.1.0",
                "robinthehood/terminal": "^0.1.1",
                "robinthehood/tokenizer": "^0.1.0"
            },
            "type": "library",
            "autoload": {
                "psr-4": {
                    "RobinTheHood\\ExceptionMonitor\\": "src/"
                }
            },
            "notification-url": "https://packagist.org/downloads/",
            "license": [
                "MIT"
            ],
            "authors": [
                {
                    "name": "Robin Wieschendorf",
                    "email": "mail@robinwieschendorf.de",
                    "homepage": "http://robinwieschendorf.de",
                    "role": "Project Founder"
                }
            ],
            "description": "ExceptionMonitor gives you nice looking PHP Error Messages. If you wish more features feel free to contribute.",
            "keywords": [
                "Errorhandling",
                "error",
                "nice looking",
                "php"
            ],
            "support": {
                "issues": "https://github.com/RobinTheHood/ExceptionMonitor/issues",
                "source": "https://github.com/RobinTheHood/ExceptionMonitor/tree/0.1.10"
            },
            "time": "2022-04-19T13:14:22+00:00"
        },
        {
            "name": "robinthehood/syntax-highlighter",
            "version": "0.1.2",
            "source": {
                "type": "git",
                "url": "https://github.com/RobinTheHood/SyntaxHighlighter.git",
                "reference": "edd6060f42fbb8f4a4686b04fbede6623b3169a3"
            },
            "dist": {
                "type": "zip",
                "url": "https://api.github.com/repos/RobinTheHood/SyntaxHighlighter/zipball/edd6060f42fbb8f4a4686b04fbede6623b3169a3",
                "reference": "edd6060f42fbb8f4a4686b04fbede6623b3169a3",
                "shasum": ""
            },
            "require": {
                "php": "^5.3.3 || ^7.0 || ^8.0",
                "robinthehood/terminal": "^0.1.1",
                "robinthehood/tokenizer": "^0.1.0"
            },
            "type": "library",
            "autoload": {
                "psr-4": {
                    "RobinTheHood\\SyntaxHighlighter\\": "src"
                }
            },
            "notification-url": "https://packagist.org/downloads/",
            "license": [
                "MIT"
            ],
            "authors": [
                {
                    "name": "Robin Wieschendorf",
                    "email": "mail@robinwieschendorf.de",
                    "homepage": "http://robinwieschendorf.de",
                    "role": "Project Founder"
                }
            ],
            "description": "With SyntaxHighlighter you can easily output syntax highlighted code as HTML.",
            "keywords": [
                "highlighting",
                "html",
                "php",
                "syntax"
            ],
            "support": {
                "issues": "https://github.com/RobinTheHood/SyntaxHighlighter/issues",
                "source": "https://github.com/RobinTheHood/SyntaxHighlighter/tree/0.1.2"
            },
            "time": "2022-04-19T13:21:17+00:00"
        },
        {
            "name": "robinthehood/terminal",
            "version": "0.1.4",
            "source": {
                "type": "git",
                "url": "https://github.com/RobinTheHood/Terminal.git",
                "reference": "9675e89f12127f76f77c7d9510f2c5c763e3bba1"
            },
            "dist": {
                "type": "zip",
                "url": "https://api.github.com/repos/RobinTheHood/Terminal/zipball/9675e89f12127f76f77c7d9510f2c5c763e3bba1",
                "reference": "9675e89f12127f76f77c7d9510f2c5c763e3bba1",
                "shasum": ""
            },
            "require": {
                "php": "^5.6 || ^7.0 || ^8.0"
            },
            "type": "library",
            "autoload": {
                "psr-4": {
                    "RobinTheHood\\Terminal\\": "src"
                }
            },
            "notification-url": "https://packagist.org/downloads/",
            "license": [
                "MIT"
            ],
            "authors": [
                {
                    "name": "Robin Wieschendorf",
                    "email": "mail@robinwieschendorf.de",
                    "homepage": "http://robinwieschendorf.de",
                    "role": "Project Founder"
                }
            ],
            "description": "With Terminal you can easily output colored text on the console with php.",
            "keywords": [
                "color",
                "escape sequences",
                "terminal"
            ],
            "support": {
                "issues": "https://github.com/RobinTheHood/Terminal/issues",
                "source": "https://github.com/RobinTheHood/Terminal/tree/0.1.4"
            },
            "time": "2022-04-19T13:32:53+00:00"
        },
        {
            "name": "robinthehood/tokenizer",
            "version": "0.1.3",
            "source": {
                "type": "git",
                "url": "https://github.com/RobinTheHood/Tokenizer.git",
                "reference": "0015a955ed48e769335b229a73faa610935f1ae8"
            },
            "dist": {
                "type": "zip",
                "url": "https://api.github.com/repos/RobinTheHood/Tokenizer/zipball/0015a955ed48e769335b229a73faa610935f1ae8",
                "reference": "0015a955ed48e769335b229a73faa610935f1ae8",
                "shasum": ""
            },
            "type": "library",
            "autoload": {
                "psr-4": {
                    "RobinTheHood\\Tokenizer\\": "src"
                }
            },
            "notification-url": "https://packagist.org/downloads/",
            "license": [
                "MIT"
            ],
            "authors": [
                {
                    "name": "Robin Wieschendorf",
                    "email": "mail@robinwieschendorf.de",
                    "homepage": "http://robinwieschendorf.de",
                    "role": "Project Founder"
                }
            ],
            "description": "With Tokenizer you can easily convert a string to a stream or array of tokens.",
            "keywords": [
                "lexer",
                "parser",
                "token",
                "tokenizer"
            ],
            "support": {
                "issues": "https://github.com/RobinTheHood/Tokenizer/issues",
                "source": "https://github.com/RobinTheHood/Tokenizer/tree/master"
            },
            "time": "2018-08-03T10:13:05+00:00"
        }
    ],
    "packages-dev": [],
    "aliases": [],
    "minimum-stability": "stable",
    "stability-flags": [],
    "prefer-stable": false,
    "prefer-lowest": false,
    "platform": [],
    "platform-dev": [],
    "plugin-api-version": "2.3.0"
}
